// !$*UTF8*$!
{
	archiveVersion = 1;
	classes = {
	};
	objectVersion = 56;
	objects = {

/* Begin PBXBuildFile section */
		C735C0B72BE121600061477A /* CaptureImage.swift in Sources */ = {isa = PBXBuildFile; fileRef = C735C0B62BE121600061477A /* CaptureImage.swift */; };
		C735C0B92BE121FC0061477A /* ImageTrackingViewController+ARSessionDelegate.swift in Sources */ = {isa = PBXBuildFile; fileRef = C735C0B82BE121FC0061477A /* ImageTrackingViewController+ARSessionDelegate.swift */; };
		C735C0BB2BE1223A0061477A /* ARGuideTextureView.swift in Sources */ = {isa = PBXBuildFile; fileRef = C735C0BA2BE1223A0061477A /* ARGuideTextureView.swift */; };
		C735C0BD2BE122510061477A /* SearchButtonTextureView.swift in Sources */ = {isa = PBXBuildFile; fileRef = C735C0BC2BE122510061477A /* SearchButtonTextureView.swift */; };
		C735C0BF2BE122740061477A /* PrecheckView.swift in Sources */ = {isa = PBXBuildFile; fileRef = C735C0BE2BE122740061477A /* PrecheckView.swift */; };
		C735C0C12BE122E90061477A /* ModalViewController.swift in Sources */ = {isa = PBXBuildFile; fileRef = C735C0C02BE122E90061477A /* ModalViewController.swift */; };
		C735C0C32BE1231E0061477A /* ImageSimilarityAnalyzer.swift in Sources */ = {isa = PBXBuildFile; fileRef = C735C0C22BE1231E0061477A /* ImageSimilarityAnalyzer.swift */; };
		C735C0C82BE123870061477A /* KeyEnvironmentHandler.swift in Sources */ = {isa = PBXBuildFile; fileRef = C735C0C72BE123870061477A /* KeyEnvironmentHandler.swift */; };
		C735C0CB2BE123CB0061477A /* NetworkError.swift in Sources */ = {isa = PBXBuildFile; fileRef = C735C0CA2BE123CB0061477A /* NetworkError.swift */; };
		C735C0CD2BE123E10061477A /* TextureGenerationError.swift in Sources */ = {isa = PBXBuildFile; fileRef = C735C0CC2BE123E10061477A /* TextureGenerationError.swift */; };
		C735C0D42BE1242B0061477A /* RequestProvidable.swift in Sources */ = {isa = PBXBuildFile; fileRef = C735C0D32BE1242B0061477A /* RequestProvidable.swift */; };
		C735C0D62BE1243E0061477A /* RequestPRovider.swift in Sources */ = {isa = PBXBuildFile; fileRef = C735C0D52BE1243E0061477A /* RequestPRovider.swift */; };
		C735C0D82BE124500061477A /* RequestInformation.swift in Sources */ = {isa = PBXBuildFile; fileRef = C735C0D72BE124500061477A /* RequestInformation.swift */; };
		C735C0DA2BE124640061477A /* APIHostType.swift in Sources */ = {isa = PBXBuildFile; fileRef = C735C0D92BE124640061477A /* APIHostType.swift */; };
		C735C0DC2BE124770061477A /* SchemeType.swift in Sources */ = {isa = PBXBuildFile; fileRef = C735C0DB2BE124770061477A /* SchemeType.swift */; };
		C735C0DE2BE124850061477A /* EndpointProvidable.swift in Sources */ = {isa = PBXBuildFile; fileRef = C735C0DD2BE124850061477A /* EndpointProvidable.swift */; };
		C735C0E02BE124940061477A /* EndpointProvider.swift in Sources */ = {isa = PBXBuildFile; fileRef = C735C0DF2BE124940061477A /* EndpointProvider.swift */; };
		C735C0E22BE124A80061477A /* URLInformation.swift in Sources */ = {isa = PBXBuildFile; fileRef = C735C0E12BE124A80061477A /* URLInformation.swift */; };
		C735C0E42BE124CC0061477A /* NetworkManager.swift in Sources */ = {isa = PBXBuildFile; fileRef = C735C0E32BE124CC0061477A /* NetworkManager.swift */; };
		C735C0E62BE124D50061477A /* Requestable.swift in Sources */ = {isa = PBXBuildFile; fileRef = C735C0E52BE124D50061477A /* Requestable.swift */; };
		C735C0E82BE125110061477A /* GPTResoponseDTO.swift in Sources */ = {isa = PBXBuildFile; fileRef = C735C0E72BE125110061477A /* GPTResoponseDTO.swift */; };
		C735C0EA2BE125190061477A /* GPTMessageDTO.swift in Sources */ = {isa = PBXBuildFile; fileRef = C735C0E92BE125190061477A /* GPTMessageDTO.swift */; };
		C735C0EC2BE125220061477A /* GPTRequestDTO.swift in Sources */ = {isa = PBXBuildFile; fileRef = C735C0EB2BE125220061477A /* GPTRequestDTO.swift */; };
		C735C0EE2BE125290061477A /* GPTBody.swift in Sources */ = {isa = PBXBuildFile; fileRef = C735C0ED2BE125290061477A /* GPTBody.swift */; };
		C735C0F22BE1259B0061477A /* GoogleSearchDTO.swift in Sources */ = {isa = PBXBuildFile; fileRef = C735C0F12BE1259B0061477A /* GoogleSearchDTO.swift */; };
		C735C0F42BE125C20061477A /* DataDecodable.swift in Sources */ = {isa = PBXBuildFile; fileRef = C735C0F32BE125C20061477A /* DataDecodable.swift */; };
		C735C0F62BE125C90061477A /* DataDecoder.swift in Sources */ = {isa = PBXBuildFile; fileRef = C735C0F52BE125C90061477A /* DataDecoder.swift */; };
		C735C0FA2BE1260F0061477A /* GPTAnswer.swift in Sources */ = {isa = PBXBuildFile; fileRef = C735C0F92BE1260F0061477A /* GPTAnswer.swift */; };
		C735C0FC2BE126330061477A /* Mappable.swift in Sources */ = {isa = PBXBuildFile; fileRef = C735C0FB2BE126330061477A /* Mappable.swift */; };
		C735C0FE2BE1263A0061477A /* Mapper.swift in Sources */ = {isa = PBXBuildFile; fileRef = C735C0FD2BE1263A0061477A /* Mapper.swift */; };
		C78363C42BD7D8CF00F9A983 /* MarkerImage.swift in Sources */ = {isa = PBXBuildFile; fileRef = C78363C32BD7D8CF00F9A983 /* MarkerImage.swift */; };
		C78363CC2BD7DC2700F9A983 /* extension+UIView.swift in Sources */ = {isa = PBXBuildFile; fileRef = C78363CB2BD7DC2700F9A983 /* extension+UIView.swift */; };
		C78363CE2BD7DC4E00F9A983 /* extension+UIImage.swift in Sources */ = {isa = PBXBuildFile; fileRef = C78363CD2BD7DC4E00F9A983 /* extension+UIImage.swift */; };
		C7EA10E32BD74C3000E1FEA6 /* AppDelegate.swift in Sources */ = {isa = PBXBuildFile; fileRef = C7EA10E22BD74C3000E1FEA6 /* AppDelegate.swift */; };
		C7EA10E72BD74C3000E1FEA6 /* ImageTrackingViewController.swift in Sources */ = {isa = PBXBuildFile; fileRef = C7EA10E62BD74C3000E1FEA6 /* ImageTrackingViewController.swift */; };
		C7EA10EA2BD74C3000E1FEA6 /* Base in Resources */ = {isa = PBXBuildFile; fileRef = C7EA10E92BD74C3000E1FEA6 /* Base */; };
		C7EA10EC2BD74C3200E1FEA6 /* Assets.xcassets in Resources */ = {isa = PBXBuildFile; fileRef = C7EA10EB2BD74C3200E1FEA6 /* Assets.xcassets */; };
		C7EA10EF2BD74C3200E1FEA6 /* Base in Resources */ = {isa = PBXBuildFile; fileRef = C7EA10EE2BD74C3200E1FEA6 /* Base */; };
		C7EA10F92BD74C3200E1FEA6 /* ios_authlabs_arprojectTests.swift in Sources */ = {isa = PBXBuildFile; fileRef = C7EA10F82BD74C3200E1FEA6 /* ios_authlabs_arprojectTests.swift */; };
		C7EA11032BD74C3200E1FEA6 /* ios_authlabs_arprojectUITests.swift in Sources */ = {isa = PBXBuildFile; fileRef = C7EA11022BD74C3200E1FEA6 /* ios_authlabs_arprojectUITests.swift */; };
		C7EA11052BD74C3200E1FEA6 /* ios_authlabs_arprojectUITestsLaunchTests.swift in Sources */ = {isa = PBXBuildFile; fileRef = C7EA11042BD74C3200E1FEA6 /* ios_authlabs_arprojectUITestsLaunchTests.swift */; };
/* End PBXBuildFile section */

/* Begin PBXContainerItemProxy section */
		C7EA10F52BD74C3200E1FEA6 /* PBXContainerItemProxy */ = {
			isa = PBXContainerItemProxy;
			containerPortal = C7EA10D72BD74C3000E1FEA6 /* Project object */;
			proxyType = 1;
			remoteGlobalIDString = C7EA10DE2BD74C3000E1FEA6;
			remoteInfo = "ios-authlabs-arproject";
		};
		C7EA10FF2BD74C3200E1FEA6 /* PBXContainerItemProxy */ = {
			isa = PBXContainerItemProxy;
			containerPortal = C7EA10D72BD74C3000E1FEA6 /* Project object */;
			proxyType = 1;
			remoteGlobalIDString = C7EA10DE2BD74C3000E1FEA6;
			remoteInfo = "ios-authlabs-arproject";
		};
/* End PBXContainerItemProxy section */

/* Begin PBXFileReference section */
		C735C0B62BE121600061477A /* CaptureImage.swift */ = {isa = PBXFileReference; lastKnownFileType = sourcecode.swift; path = CaptureImage.swift; sourceTree = "<group>"; };
		C735C0B82BE121FC0061477A /* ImageTrackingViewController+ARSessionDelegate.swift */ = {isa = PBXFileReference; lastKnownFileType = sourcecode.swift; path = "ImageTrackingViewController+ARSessionDelegate.swift"; sourceTree = "<group>"; };
		C735C0BA2BE1223A0061477A /* ARGuideTextureView.swift */ = {isa = PBXFileReference; lastKnownFileType = sourcecode.swift; path = ARGuideTextureView.swift; sourceTree = "<group>"; };
		C735C0BC2BE122510061477A /* SearchButtonTextureView.swift */ = {isa = PBXFileReference; lastKnownFileType = sourcecode.swift; path = SearchButtonTextureView.swift; sourceTree = "<group>"; };
		C735C0BE2BE122740061477A /* PrecheckView.swift */ = {isa = PBXFileReference; lastKnownFileType = sourcecode.swift; path = PrecheckView.swift; sourceTree = "<group>"; };
		C735C0C02BE122E90061477A /* ModalViewController.swift */ = {isa = PBXFileReference; lastKnownFileType = sourcecode.swift; path = ModalViewController.swift; sourceTree = "<group>"; };
		C735C0C22BE1231E0061477A /* ImageSimilarityAnalyzer.swift */ = {isa = PBXFileReference; lastKnownFileType = sourcecode.swift; path = ImageSimilarityAnalyzer.swift; sourceTree = "<group>"; };
		C735C0C72BE123870061477A /* KeyEnvironmentHandler.swift */ = {isa = PBXFileReference; lastKnownFileType = sourcecode.swift; path = KeyEnvironmentHandler.swift; sourceTree = "<group>"; };
		C735C0CA2BE123CB0061477A /* NetworkError.swift */ = {isa = PBXFileReference; lastKnownFileType = sourcecode.swift; path = NetworkError.swift; sourceTree = "<group>"; };
		C735C0CC2BE123E10061477A /* TextureGenerationError.swift */ = {isa = PBXFileReference; lastKnownFileType = sourcecode.swift; path = TextureGenerationError.swift; sourceTree = "<group>"; };
		C735C0D32BE1242B0061477A /* RequestProvidable.swift */ = {isa = PBXFileReference; lastKnownFileType = sourcecode.swift; path = RequestProvidable.swift; sourceTree = "<group>"; };
		C735C0D52BE1243E0061477A /* RequestPRovider.swift */ = {isa = PBXFileReference; lastKnownFileType = sourcecode.swift; path = RequestPRovider.swift; sourceTree = "<group>"; };
		C735C0D72BE124500061477A /* RequestInformation.swift */ = {isa = PBXFileReference; lastKnownFileType = sourcecode.swift; path = RequestInformation.swift; sourceTree = "<group>"; };
		C735C0D92BE124640061477A /* APIHostType.swift */ = {isa = PBXFileReference; lastKnownFileType = sourcecode.swift; path = APIHostType.swift; sourceTree = "<group>"; };
		C735C0DB2BE124770061477A /* SchemeType.swift */ = {isa = PBXFileReference; lastKnownFileType = sourcecode.swift; path = SchemeType.swift; sourceTree = "<group>"; };
		C735C0DD2BE124850061477A /* EndpointProvidable.swift */ = {isa = PBXFileReference; lastKnownFileType = sourcecode.swift; path = EndpointProvidable.swift; sourceTree = "<group>"; };
		C735C0DF2BE124940061477A /* EndpointProvider.swift */ = {isa = PBXFileReference; lastKnownFileType = sourcecode.swift; path = EndpointProvider.swift; sourceTree = "<group>"; };
		C735C0E12BE124A80061477A /* URLInformation.swift */ = {isa = PBXFileReference; lastKnownFileType = sourcecode.swift; path = URLInformation.swift; sourceTree = "<group>"; };
		C735C0E32BE124CC0061477A /* NetworkManager.swift */ = {isa = PBXFileReference; lastKnownFileType = sourcecode.swift; path = NetworkManager.swift; sourceTree = "<group>"; };
		C735C0E52BE124D50061477A /* Requestable.swift */ = {isa = PBXFileReference; lastKnownFileType = sourcecode.swift; path = Requestable.swift; sourceTree = "<group>"; };
		C735C0E72BE125110061477A /* GPTResoponseDTO.swift */ = {isa = PBXFileReference; lastKnownFileType = sourcecode.swift; path = GPTResoponseDTO.swift; sourceTree = "<group>"; };
		C735C0E92BE125190061477A /* GPTMessageDTO.swift */ = {isa = PBXFileReference; lastKnownFileType = sourcecode.swift; path = GPTMessageDTO.swift; sourceTree = "<group>"; };
		C735C0EB2BE125220061477A /* GPTRequestDTO.swift */ = {isa = PBXFileReference; lastKnownFileType = sourcecode.swift; path = GPTRequestDTO.swift; sourceTree = "<group>"; };
		C735C0ED2BE125290061477A /* GPTBody.swift */ = {isa = PBXFileReference; lastKnownFileType = sourcecode.swift; path = GPTBody.swift; sourceTree = "<group>"; };
		C735C0F12BE1259B0061477A /* GoogleSearchDTO.swift */ = {isa = PBXFileReference; lastKnownFileType = sourcecode.swift; path = GoogleSearchDTO.swift; sourceTree = "<group>"; };
		C735C0F32BE125C20061477A /* DataDecodable.swift */ = {isa = PBXFileReference; lastKnownFileType = sourcecode.swift; path = DataDecodable.swift; sourceTree = "<group>"; };
		C735C0F52BE125C90061477A /* DataDecoder.swift */ = {isa = PBXFileReference; lastKnownFileType = sourcecode.swift; path = DataDecoder.swift; sourceTree = "<group>"; };
		C735C0F92BE1260F0061477A /* GPTAnswer.swift */ = {isa = PBXFileReference; lastKnownFileType = sourcecode.swift; path = GPTAnswer.swift; sourceTree = "<group>"; };
		C735C0FB2BE126330061477A /* Mappable.swift */ = {isa = PBXFileReference; lastKnownFileType = sourcecode.swift; path = Mappable.swift; sourceTree = "<group>"; };
		C735C0FD2BE1263A0061477A /* Mapper.swift */ = {isa = PBXFileReference; lastKnownFileType = sourcecode.swift; path = Mapper.swift; sourceTree = "<group>"; };
		C78363C32BD7D8CF00F9A983 /* MarkerImage.swift */ = {isa = PBXFileReference; lastKnownFileType = sourcecode.swift; path = MarkerImage.swift; sourceTree = "<group>"; };
		C78363CB2BD7DC2700F9A983 /* extension+UIView.swift */ = {isa = PBXFileReference; lastKnownFileType = sourcecode.swift; path = "extension+UIView.swift"; sourceTree = "<group>"; };
		C78363CD2BD7DC4E00F9A983 /* extension+UIImage.swift */ = {isa = PBXFileReference; lastKnownFileType = sourcecode.swift; path = "extension+UIImage.swift"; sourceTree = "<group>"; };
		C7EA10DF2BD74C3000E1FEA6 /* ios-authlabs-arproject.app */ = {isa = PBXFileReference; explicitFileType = wrapper.application; includeInIndex = 0; path = "ios-authlabs-arproject.app"; sourceTree = BUILT_PRODUCTS_DIR; };
		C7EA10E22BD74C3000E1FEA6 /* AppDelegate.swift */ = {isa = PBXFileReference; lastKnownFileType = sourcecode.swift; path = AppDelegate.swift; sourceTree = "<group>"; };
		C7EA10E62BD74C3000E1FEA6 /* ImageTrackingViewController.swift */ = {isa = PBXFileReference; lastKnownFileType = sourcecode.swift; path = ImageTrackingViewController.swift; sourceTree = "<group>"; };
		C7EA10E92BD74C3000E1FEA6 /* Base */ = {isa = PBXFileReference; lastKnownFileType = file.storyboard; name = Base; path = Base.lproj/Main.storyboard; sourceTree = "<group>"; };
		C7EA10EB2BD74C3200E1FEA6 /* Assets.xcassets */ = {isa = PBXFileReference; lastKnownFileType = folder.assetcatalog; path = Assets.xcassets; sourceTree = "<group>"; };
		C7EA10EE2BD74C3200E1FEA6 /* Base */ = {isa = PBXFileReference; lastKnownFileType = file.storyboard; name = Base; path = Base.lproj/LaunchScreen.storyboard; sourceTree = "<group>"; };
		C7EA10F42BD74C3200E1FEA6 /* ios-authlabs-arprojectTests.xctest */ = {isa = PBXFileReference; explicitFileType = wrapper.cfbundle; includeInIndex = 0; path = "ios-authlabs-arprojectTests.xctest"; sourceTree = BUILT_PRODUCTS_DIR; };
		C7EA10F82BD74C3200E1FEA6 /* ios_authlabs_arprojectTests.swift */ = {isa = PBXFileReference; lastKnownFileType = sourcecode.swift; path = ios_authlabs_arprojectTests.swift; sourceTree = "<group>"; };
		C7EA10FE2BD74C3200E1FEA6 /* ios-authlabs-arprojectUITests.xctest */ = {isa = PBXFileReference; explicitFileType = wrapper.cfbundle; includeInIndex = 0; path = "ios-authlabs-arprojectUITests.xctest"; sourceTree = BUILT_PRODUCTS_DIR; };
		C7EA11022BD74C3200E1FEA6 /* ios_authlabs_arprojectUITests.swift */ = {isa = PBXFileReference; lastKnownFileType = sourcecode.swift; path = ios_authlabs_arprojectUITests.swift; sourceTree = "<group>"; };
		C7EA11042BD74C3200E1FEA6 /* ios_authlabs_arprojectUITestsLaunchTests.swift */ = {isa = PBXFileReference; lastKnownFileType = sourcecode.swift; path = ios_authlabs_arprojectUITestsLaunchTests.swift; sourceTree = "<group>"; };
/* End PBXFileReference section */

/* Begin PBXFrameworksBuildPhase section */
		C7EA10DC2BD74C3000E1FEA6 /* Frameworks */ = {
			isa = PBXFrameworksBuildPhase;
			buildActionMask = 2147483647;
			files = (
			);
			runOnlyForDeploymentPostprocessing = 0;
		};
		C7EA10F12BD74C3200E1FEA6 /* Frameworks */ = {
			isa = PBXFrameworksBuildPhase;
			buildActionMask = 2147483647;
			files = (
			);
			runOnlyForDeploymentPostprocessing = 0;
		};
		C7EA10FB2BD74C3200E1FEA6 /* Frameworks */ = {
			isa = PBXFrameworksBuildPhase;
			buildActionMask = 2147483647;
			files = (
			);
			runOnlyForDeploymentPostprocessing = 0;
		};
/* End PBXFrameworksBuildPhase section */

/* Begin PBXGroup section */
		C735C0B32BE1213D0061477A /* Marker */ = {
			isa = PBXGroup;
			children = (
				C78363C32BD7D8CF00F9A983 /* MarkerImage.swift */,
			);
			path = Marker;
			sourceTree = "<group>";
		};
		C735C0B42BE121470061477A /* Image */ = {
			isa = PBXGroup;
			children = (
				C735C0B62BE121600061477A /* CaptureImage.swift */,
			);
			path = Image;
			sourceTree = "<group>";
		};
		C735C0C42BE123490061477A /* Domain */ = {
			isa = PBXGroup;
			children = (
				C735C0F82BE126010061477A /* Mapper */,
				C735C0F72BE125FE0061477A /* Entity */,
			);
			path = Domain;
			sourceTree = "<group>";
		};
		C735C0C52BE123540061477A /* Presentation */ = {
			isa = PBXGroup;
			children = (
				C78363C72BD7DB5000F9A983 /* View */,
				C78363C52BD7D8E400F9A983 /* Controller */,
				C78363C02BD7D8AB00F9A983 /* Model */,
			);
			path = Presentation;
			sourceTree = "<group>";
		};
		C735C0C62BE1236E0061477A /* Data */ = {
			isa = PBXGroup;
			children = (
				C735C0D22BE1241A0061477A /* Decoder */,
				C735C0D12BE124130061477A /* DTO */,
				C735C0D02BE1240E0061477A /* NetworkManager */,
				C735C0CF2BE1240A0061477A /* URL */,
				C735C0CE2BE124040061477A /* URLRequest */,
			);
			path = Data;
			sourceTree = "<group>";
		};
		C735C0C92BE123BD0061477A /* Error */ = {
			isa = PBXGroup;
			children = (
				C735C0CA2BE123CB0061477A /* NetworkError.swift */,
				C735C0CC2BE123E10061477A /* TextureGenerationError.swift */,
			);
			path = Error;
			sourceTree = "<group>";
		};
		C735C0CE2BE124040061477A /* URLRequest */ = {
			isa = PBXGroup;
			children = (
				C735C0D32BE1242B0061477A /* RequestProvidable.swift */,
				C735C0D52BE1243E0061477A /* RequestPRovider.swift */,
				C735C0D72BE124500061477A /* RequestInformation.swift */,
			);
			path = URLRequest;
			sourceTree = "<group>";
		};
		C735C0CF2BE1240A0061477A /* URL */ = {
			isa = PBXGroup;
			children = (
				C735C0D92BE124640061477A /* APIHostType.swift */,
				C735C0DB2BE124770061477A /* SchemeType.swift */,
				C735C0DD2BE124850061477A /* EndpointProvidable.swift */,
				C735C0DF2BE124940061477A /* EndpointProvider.swift */,
				C735C0E12BE124A80061477A /* URLInformation.swift */,
			);
			path = URL;
			sourceTree = "<group>";
		};
		C735C0D02BE1240E0061477A /* NetworkManager */ = {
			isa = PBXGroup;
			children = (
				C735C0E52BE124D50061477A /* Requestable.swift */,
				C735C0E32BE124CC0061477A /* NetworkManager.swift */,
			);
			path = NetworkManager;
			sourceTree = "<group>";
		};
		C735C0D12BE124130061477A /* DTO */ = {
			isa = PBXGroup;
			children = (
				C735C0F02BE1258F0061477A /* Google */,
				C735C0EF2BE1257F0061477A /* OPENAI */,
			);
			path = DTO;
			sourceTree = "<group>";
		};
		C735C0D22BE1241A0061477A /* Decoder */ = {
			isa = PBXGroup;
			children = (
				C735C0F32BE125C20061477A /* DataDecodable.swift */,
				C735C0F52BE125C90061477A /* DataDecoder.swift */,
			);
			path = Decoder;
			sourceTree = "<group>";
		};
		C735C0EF2BE1257F0061477A /* OPENAI */ = {
			isa = PBXGroup;
			children = (
				C735C0E72BE125110061477A /* GPTResoponseDTO.swift */,
				C735C0E92BE125190061477A /* GPTMessageDTO.swift */,
				C735C0EB2BE125220061477A /* GPTRequestDTO.swift */,
				C735C0ED2BE125290061477A /* GPTBody.swift */,
			);
			path = OPENAI;
			sourceTree = "<group>";
		};
		C735C0F02BE1258F0061477A /* Google */ = {
			isa = PBXGroup;
			children = (
				C735C0F12BE1259B0061477A /* GoogleSearchDTO.swift */,
			);
			path = Google;
			sourceTree = "<group>";
		};
		C735C0F72BE125FE0061477A /* Entity */ = {
			isa = PBXGroup;
			children = (
				C735C0F92BE1260F0061477A /* GPTAnswer.swift */,
			);
			path = Entity;
			sourceTree = "<group>";
		};
		C735C0F82BE126010061477A /* Mapper */ = {
			isa = PBXGroup;
			children = (
				C735C0FB2BE126330061477A /* Mappable.swift */,
				C735C0FD2BE1263A0061477A /* Mapper.swift */,
			);
			path = Mapper;
			sourceTree = "<group>";
		};
		C78363C02BD7D8AB00F9A983 /* Model */ = {
			isa = PBXGroup;
			children = (
				C735C0B32BE1213D0061477A /* Marker */,
				C735C0B42BE121470061477A /* Image */,
			);
			path = Model;
			sourceTree = "<group>";
		};
		C78363C52BD7D8E400F9A983 /* Controller */ = {
			isa = PBXGroup;
			children = (
				C7EA10E62BD74C3000E1FEA6 /* ImageTrackingViewController.swift */,
				C735C0B82BE121FC0061477A /* ImageTrackingViewController+ARSessionDelegate.swift */,
				C735C0C02BE122E90061477A /* ModalViewController.swift */,
				C735C0C22BE1231E0061477A /* ImageSimilarityAnalyzer.swift */,
			);
			path = Controller;
			sourceTree = "<group>";
		};
		C78363C62BD7D8F700F9A983 /* App */ = {
			isa = PBXGroup;
			children = (
				C7EA10E22BD74C3000E1FEA6 /* AppDelegate.swift */,
			);
			path = App;
			sourceTree = "<group>";
		};
		C78363C72BD7DB5000F9A983 /* View */ = {
			isa = PBXGroup;
			children = (
				C735C0BA2BE1223A0061477A /* ARGuideTextureView.swift */,
				C735C0BC2BE122510061477A /* SearchButtonTextureView.swift */,
				C735C0BE2BE122740061477A /* PrecheckView.swift */,
				C7EA10E82BD74C3000E1FEA6 /* Main.storyboard */,
				C7EA10ED2BD74C3200E1FEA6 /* LaunchScreen.storyboard */,
			);
			path = View;
			sourceTree = "<group>";
		};
		C78363CA2BD7DC0300F9A983 /* Constant */ = {
			isa = PBXGroup;
			children = (
				C78363CB2BD7DC2700F9A983 /* extension+UIView.swift */,
				C78363CD2BD7DC4E00F9A983 /* extension+UIImage.swift */,
				C735C0C72BE123870061477A /* KeyEnvironmentHandler.swift */,
			);
			path = Constant;
			sourceTree = "<group>";
		};
		C7EA10D62BD74C3000E1FEA6 = {
			isa = PBXGroup;
			children = (
				C7EA10E12BD74C3000E1FEA6 /* ios-authlabs-arproject */,
				C7EA10F72BD74C3200E1FEA6 /* ios-authlabs-arprojectTests */,
				C7EA11012BD74C3200E1FEA6 /* ios-authlabs-arprojectUITests */,
				C7EA10E02BD74C3000E1FEA6 /* Products */,
			);
			sourceTree = "<group>";
		};
		C7EA10E02BD74C3000E1FEA6 /* Products */ = {
			isa = PBXGroup;
			children = (
				C7EA10DF2BD74C3000E1FEA6 /* ios-authlabs-arproject.app */,
				C7EA10F42BD74C3200E1FEA6 /* ios-authlabs-arprojectTests.xctest */,
				C7EA10FE2BD74C3200E1FEA6 /* ios-authlabs-arprojectUITests.xctest */,
			);
			name = Products;
			sourceTree = "<group>";
		};
		C7EA10E12BD74C3000E1FEA6 /* ios-authlabs-arproject */ = {
			isa = PBXGroup;
			children = (
				C78363C62BD7D8F700F9A983 /* App */,
				C735C0C52BE123540061477A /* Presentation */,
				C735C0C42BE123490061477A /* Domain */,
				C735C0C62BE1236E0061477A /* Data */,
				C735C0C92BE123BD0061477A /* Error */,
				C78363CA2BD7DC0300F9A983 /* Constant */,
				C7EA10EB2BD74C3200E1FEA6 /* Assets.xcassets */,
			);
			path = "ios-authlabs-arproject";
			sourceTree = "<group>";
		};
		C7EA10F72BD74C3200E1FEA6 /* ios-authlabs-arprojectTests */ = {
			isa = PBXGroup;
			children = (
				C7EA10F82BD74C3200E1FEA6 /* ios_authlabs_arprojectTests.swift */,
			);
			path = "ios-authlabs-arprojectTests";
			sourceTree = "<group>";
		};
		C7EA11012BD74C3200E1FEA6 /* ios-authlabs-arprojectUITests */ = {
			isa = PBXGroup;
			children = (
				C7EA11022BD74C3200E1FEA6 /* ios_authlabs_arprojectUITests.swift */,
				C7EA11042BD74C3200E1FEA6 /* ios_authlabs_arprojectUITestsLaunchTests.swift */,
			);
			path = "ios-authlabs-arprojectUITests";
			sourceTree = "<group>";
		};
/* End PBXGroup section */

/* Begin PBXNativeTarget section */
		C7EA10DE2BD74C3000E1FEA6 /* ios-authlabs-arproject */ = {
			isa = PBXNativeTarget;
			buildConfigurationList = C7EA11082BD74C3200E1FEA6 /* Build configuration list for PBXNativeTarget "ios-authlabs-arproject" */;
			buildPhases = (
				C7EA10DB2BD74C3000E1FEA6 /* Sources */,
				C7EA10DC2BD74C3000E1FEA6 /* Frameworks */,
				C7EA10DD2BD74C3000E1FEA6 /* Resources */,
			);
			buildRules = (
			);
			dependencies = (
			);
			name = "ios-authlabs-arproject";
			productName = "ios-authlabs-arproject";
			productReference = C7EA10DF2BD74C3000E1FEA6 /* ios-authlabs-arproject.app */;
			productType = "com.apple.product-type.application";
		};
		C7EA10F32BD74C3200E1FEA6 /* ios-authlabs-arprojectTests */ = {
			isa = PBXNativeTarget;
			buildConfigurationList = C7EA110B2BD74C3200E1FEA6 /* Build configuration list for PBXNativeTarget "ios-authlabs-arprojectTests" */;
			buildPhases = (
				C7EA10F02BD74C3200E1FEA6 /* Sources */,
				C7EA10F12BD74C3200E1FEA6 /* Frameworks */,
				C7EA10F22BD74C3200E1FEA6 /* Resources */,
			);
			buildRules = (
			);
			dependencies = (
				C7EA10F62BD74C3200E1FEA6 /* PBXTargetDependency */,
			);
			name = "ios-authlabs-arprojectTests";
			productName = "ios-authlabs-arprojectTests";
			productReference = C7EA10F42BD74C3200E1FEA6 /* ios-authlabs-arprojectTests.xctest */;
			productType = "com.apple.product-type.bundle.unit-test";
		};
		C7EA10FD2BD74C3200E1FEA6 /* ios-authlabs-arprojectUITests */ = {
			isa = PBXNativeTarget;
			buildConfigurationList = C7EA110E2BD74C3200E1FEA6 /* Build configuration list for PBXNativeTarget "ios-authlabs-arprojectUITests" */;
			buildPhases = (
				C7EA10FA2BD74C3200E1FEA6 /* Sources */,
				C7EA10FB2BD74C3200E1FEA6 /* Frameworks */,
				C7EA10FC2BD74C3200E1FEA6 /* Resources */,
			);
			buildRules = (
			);
			dependencies = (
				C7EA11002BD74C3200E1FEA6 /* PBXTargetDependency */,
			);
			name = "ios-authlabs-arprojectUITests";
			productName = "ios-authlabs-arprojectUITests";
			productReference = C7EA10FE2BD74C3200E1FEA6 /* ios-authlabs-arprojectUITests.xctest */;
			productType = "com.apple.product-type.bundle.ui-testing";
		};
/* End PBXNativeTarget section */

/* Begin PBXProject section */
		C7EA10D72BD74C3000E1FEA6 /* Project object */ = {
			isa = PBXProject;
			attributes = {
				BuildIndependentTargetsInParallel = 1;
				LastSwiftUpdateCheck = 1530;
				LastUpgradeCheck = 1530;
				TargetAttributes = {
					C7EA10DE2BD74C3000E1FEA6 = {
						CreatedOnToolsVersion = 15.3;
					};
					C7EA10F32BD74C3200E1FEA6 = {
						CreatedOnToolsVersion = 15.3;
						TestTargetID = C7EA10DE2BD74C3000E1FEA6;
					};
					C7EA10FD2BD74C3200E1FEA6 = {
						CreatedOnToolsVersion = 15.3;
						TestTargetID = C7EA10DE2BD74C3000E1FEA6;
					};
				};
			};
			buildConfigurationList = C7EA10DA2BD74C3000E1FEA6 /* Build configuration list for PBXProject "ios-authlabs-arproject" */;
			compatibilityVersion = "Xcode 14.0";
			developmentRegion = en;
			hasScannedForEncodings = 0;
			knownRegions = (
				en,
				Base,
			);
			mainGroup = C7EA10D62BD74C3000E1FEA6;
			productRefGroup = C7EA10E02BD74C3000E1FEA6 /* Products */;
			projectDirPath = "";
			projectRoot = "";
			targets = (
				C7EA10DE2BD74C3000E1FEA6 /* ios-authlabs-arproject */,
				C7EA10F32BD74C3200E1FEA6 /* ios-authlabs-arprojectTests */,
				C7EA10FD2BD74C3200E1FEA6 /* ios-authlabs-arprojectUITests */,
			);
		};
/* End PBXProject section */

/* Begin PBXResourcesBuildPhase section */
		C7EA10DD2BD74C3000E1FEA6 /* Resources */ = {
			isa = PBXResourcesBuildPhase;
			buildActionMask = 2147483647;
			files = (
				C7EA10EC2BD74C3200E1FEA6 /* Assets.xcassets in Resources */,
				C7EA10EA2BD74C3000E1FEA6 /* Base in Resources */,
				C7EA10EF2BD74C3200E1FEA6 /* Base in Resources */,
			);
			runOnlyForDeploymentPostprocessing = 0;
		};
		C7EA10F22BD74C3200E1FEA6 /* Resources */ = {
			isa = PBXResourcesBuildPhase;
			buildActionMask = 2147483647;
			files = (
			);
			runOnlyForDeploymentPostprocessing = 0;
		};
		C7EA10FC2BD74C3200E1FEA6 /* Resources */ = {
			isa = PBXResourcesBuildPhase;
			buildActionMask = 2147483647;
			files = (
			);
			runOnlyForDeploymentPostprocessing = 0;
		};
/* End PBXResourcesBuildPhase section */

/* Begin PBXSourcesBuildPhase section */
		C7EA10DB2BD74C3000E1FEA6 /* Sources */ = {
			isa = PBXSourcesBuildPhase;
			buildActionMask = 2147483647;
			files = (
				C735C0C32BE1231E0061477A /* ImageSimilarityAnalyzer.swift in Sources */,
				C735C0CB2BE123CB0061477A /* NetworkError.swift in Sources */,
				C735C0D62BE1243E0061477A /* RequestPRovider.swift in Sources */,
				C735C0F42BE125C20061477A /* DataDecodable.swift in Sources */,
				C78363CE2BD7DC4E00F9A983 /* extension+UIImage.swift in Sources */,
				C735C0D42BE1242B0061477A /* RequestProvidable.swift in Sources */,
				C78363CC2BD7DC2700F9A983 /* extension+UIView.swift in Sources */,
				C78363C42BD7D8CF00F9A983 /* MarkerImage.swift in Sources */,
				C735C0FA2BE1260F0061477A /* GPTAnswer.swift in Sources */,
				C735C0FE2BE1263A0061477A /* Mapper.swift in Sources */,
				C735C0E02BE124940061477A /* EndpointProvider.swift in Sources */,
				C735C0EA2BE125190061477A /* GPTMessageDTO.swift in Sources */,
				C735C0C12BE122E90061477A /* ModalViewController.swift in Sources */,
				C735C0DE2BE124850061477A /* EndpointProvidable.swift in Sources */,
				C735C0E62BE124D50061477A /* Requestable.swift in Sources */,
				C735C0D82BE124500061477A /* RequestInformation.swift in Sources */,
				C735C0E82BE125110061477A /* GPTResoponseDTO.swift in Sources */,
				C735C0BB2BE1223A0061477A /* ARGuideTextureView.swift in Sources */,
				C735C0E42BE124CC0061477A /* NetworkManager.swift in Sources */,
				C735C0BD2BE122510061477A /* SearchButtonTextureView.swift in Sources */,
				C735C0B72BE121600061477A /* CaptureImage.swift in Sources */,
				C735C0E22BE124A80061477A /* URLInformation.swift in Sources */,
				C735C0EE2BE125290061477A /* GPTBody.swift in Sources */,
				C735C0DA2BE124640061477A /* APIHostType.swift in Sources */,
				C7EA10E72BD74C3000E1FEA6 /* ImageTrackingViewController.swift in Sources */,
				C735C0EC2BE125220061477A /* GPTRequestDTO.swift in Sources */,
				C735C0FC2BE126330061477A /* Mappable.swift in Sources */,
				C735C0CD2BE123E10061477A /* TextureGenerationError.swift in Sources */,
				C735C0C82BE123870061477A /* KeyEnvironmentHandler.swift in Sources */,
				C735C0BF2BE122740061477A /* PrecheckView.swift in Sources */,
				C7EA10E32BD74C3000E1FEA6 /* AppDelegate.swift in Sources */,
				C735C0F62BE125C90061477A /* DataDecoder.swift in Sources */,
				C735C0DC2BE124770061477A /* SchemeType.swift in Sources */,
				C735C0F22BE1259B0061477A /* GoogleSearchDTO.swift in Sources */,
				C735C0B92BE121FC0061477A /* ImageTrackingViewController+ARSessionDelegate.swift in Sources */,
			);
			runOnlyForDeploymentPostprocessing = 0;
		};
		C7EA10F02BD74C3200E1FEA6 /* Sources */ = {
			isa = PBXSourcesBuildPhase;
			buildActionMask = 2147483647;
			files = (
				C7EA10F92BD74C3200E1FEA6 /* ios_authlabs_arprojectTests.swift in Sources */,
			);
			runOnlyForDeploymentPostprocessing = 0;
		};
		C7EA10FA2BD74C3200E1FEA6 /* Sources */ = {
			isa = PBXSourcesBuildPhase;
			buildActionMask = 2147483647;
			files = (
				C7EA11032BD74C3200E1FEA6 /* ios_authlabs_arprojectUITests.swift in Sources */,
				C7EA11052BD74C3200E1FEA6 /* ios_authlabs_arprojectUITestsLaunchTests.swift in Sources */,
			);
			runOnlyForDeploymentPostprocessing = 0;
		};
/* End PBXSourcesBuildPhase section */

/* Begin PBXTargetDependency section */
		C7EA10F62BD74C3200E1FEA6 /* PBXTargetDependency */ = {
			isa = PBXTargetDependency;
			target = C7EA10DE2BD74C3000E1FEA6 /* ios-authlabs-arproject */;
			targetProxy = C7EA10F52BD74C3200E1FEA6 /* PBXContainerItemProxy */;
		};
		C7EA11002BD74C3200E1FEA6 /* PBXTargetDependency */ = {
			isa = PBXTargetDependency;
			target = C7EA10DE2BD74C3000E1FEA6 /* ios-authlabs-arproject */;
			targetProxy = C7EA10FF2BD74C3200E1FEA6 /* PBXContainerItemProxy */;
		};
/* End PBXTargetDependency section */

/* Begin PBXVariantGroup section */
		C7EA10E82BD74C3000E1FEA6 /* Main.storyboard */ = {
			isa = PBXVariantGroup;
			children = (
				C7EA10E92BD74C3000E1FEA6 /* Base */,
			);
			name = Main.storyboard;
			sourceTree = "<group>";
		};
		C7EA10ED2BD74C3200E1FEA6 /* LaunchScreen.storyboard */ = {
			isa = PBXVariantGroup;
			children = (
				C7EA10EE2BD74C3200E1FEA6 /* Base */,
			);
			name = LaunchScreen.storyboard;
			sourceTree = "<group>";
		};
/* End PBXVariantGroup section */

/* Begin XCBuildConfiguration section */
		C7EA11062BD74C3200E1FEA6 /* Debug */ = {
			isa = XCBuildConfiguration;
			buildSettings = {
				ALWAYS_SEARCH_USER_PATHS = NO;
				ASSETCATALOG_COMPILER_GENERATE_SWIFT_ASSET_SYMBOL_EXTENSIONS = YES;
				CLANG_ANALYZER_NONNULL = YES;
				CLANG_ANALYZER_NUMBER_OBJECT_CONVERSION = YES_AGGRESSIVE;
				CLANG_CXX_LANGUAGE_STANDARD = "gnu++20";
				CLANG_ENABLE_MODULES = YES;
				CLANG_ENABLE_OBJC_ARC = YES;
				CLANG_ENABLE_OBJC_WEAK = YES;
				CLANG_WARN_BLOCK_CAPTURE_AUTORELEASING = YES;
				CLANG_WARN_BOOL_CONVERSION = YES;
				CLANG_WARN_COMMA = YES;
				CLANG_WARN_CONSTANT_CONVERSION = YES;
				CLANG_WARN_DEPRECATED_OBJC_IMPLEMENTATIONS = YES;
				CLANG_WARN_DIRECT_OBJC_ISA_USAGE = YES_ERROR;
				CLANG_WARN_DOCUMENTATION_COMMENTS = YES;
				CLANG_WARN_EMPTY_BODY = YES;
				CLANG_WARN_ENUM_CONVERSION = YES;
				CLANG_WARN_INFINITE_RECURSION = YES;
				CLANG_WARN_INT_CONVERSION = YES;
				CLANG_WARN_NON_LITERAL_NULL_CONVERSION = YES;
				CLANG_WARN_OBJC_IMPLICIT_RETAIN_SELF = YES;
				CLANG_WARN_OBJC_LITERAL_CONVERSION = YES;
				CLANG_WARN_OBJC_ROOT_CLASS = YES_ERROR;
				CLANG_WARN_QUOTED_INCLUDE_IN_FRAMEWORK_HEADER = YES;
				CLANG_WARN_RANGE_LOOP_ANALYSIS = YES;
				CLANG_WARN_STRICT_PROTOTYPES = YES;
				CLANG_WARN_SUSPICIOUS_MOVE = YES;
				CLANG_WARN_UNGUARDED_AVAILABILITY = YES_AGGRESSIVE;
				CLANG_WARN_UNREACHABLE_CODE = YES;
				CLANG_WARN__DUPLICATE_METHOD_MATCH = YES;
				COPY_PHASE_STRIP = NO;
				DEBUG_INFORMATION_FORMAT = dwarf;
				ENABLE_STRICT_OBJC_MSGSEND = YES;
				ENABLE_TESTABILITY = YES;
				ENABLE_USER_SCRIPT_SANDBOXING = YES;
				GCC_C_LANGUAGE_STANDARD = gnu17;
				GCC_DYNAMIC_NO_PIC = NO;
				GCC_NO_COMMON_BLOCKS = YES;
				GCC_OPTIMIZATION_LEVEL = 0;
				GCC_PREPROCESSOR_DEFINITIONS = (
					"DEBUG=1",
					"$(inherited)",
				);
				GCC_WARN_64_TO_32_BIT_CONVERSION = YES;
				GCC_WARN_ABOUT_RETURN_TYPE = YES_ERROR;
				GCC_WARN_UNDECLARED_SELECTOR = YES;
				GCC_WARN_UNINITIALIZED_AUTOS = YES_AGGRESSIVE;
				GCC_WARN_UNUSED_FUNCTION = YES;
				GCC_WARN_UNUSED_VARIABLE = YES;
				IPHONEOS_DEPLOYMENT_TARGET = 17.4;
				LOCALIZATION_PREFERS_STRING_CATALOGS = YES;
				MTL_ENABLE_DEBUG_INFO = INCLUDE_SOURCE;
				MTL_FAST_MATH = YES;
				ONLY_ACTIVE_ARCH = YES;
				SDKROOT = iphoneos;
				SWIFT_ACTIVE_COMPILATION_CONDITIONS = "DEBUG $(inherited)";
				SWIFT_OPTIMIZATION_LEVEL = "-Onone";
			};
			name = Debug;
		};
		C7EA11072BD74C3200E1FEA6 /* Release */ = {
			isa = XCBuildConfiguration;
			buildSettings = {
				ALWAYS_SEARCH_USER_PATHS = NO;
				ASSETCATALOG_COMPILER_GENERATE_SWIFT_ASSET_SYMBOL_EXTENSIONS = YES;
				CLANG_ANALYZER_NONNULL = YES;
				CLANG_ANALYZER_NUMBER_OBJECT_CONVERSION = YES_AGGRESSIVE;
				CLANG_CXX_LANGUAGE_STANDARD = "gnu++20";
				CLANG_ENABLE_MODULES = YES;
				CLANG_ENABLE_OBJC_ARC = YES;
				CLANG_ENABLE_OBJC_WEAK = YES;
				CLANG_WARN_BLOCK_CAPTURE_AUTORELEASING = YES;
				CLANG_WARN_BOOL_CONVERSION = YES;
				CLANG_WARN_COMMA = YES;
				CLANG_WARN_CONSTANT_CONVERSION = YES;
				CLANG_WARN_DEPRECATED_OBJC_IMPLEMENTATIONS = YES;
				CLANG_WARN_DIRECT_OBJC_ISA_USAGE = YES_ERROR;
				CLANG_WARN_DOCUMENTATION_COMMENTS = YES;
				CLANG_WARN_EMPTY_BODY = YES;
				CLANG_WARN_ENUM_CONVERSION = YES;
				CLANG_WARN_INFINITE_RECURSION = YES;
				CLANG_WARN_INT_CONVERSION = YES;
				CLANG_WARN_NON_LITERAL_NULL_CONVERSION = YES;
				CLANG_WARN_OBJC_IMPLICIT_RETAIN_SELF = YES;
				CLANG_WARN_OBJC_LITERAL_CONVERSION = YES;
				CLANG_WARN_OBJC_ROOT_CLASS = YES_ERROR;
				CLANG_WARN_QUOTED_INCLUDE_IN_FRAMEWORK_HEADER = YES;
				CLANG_WARN_RANGE_LOOP_ANALYSIS = YES;
				CLANG_WARN_STRICT_PROTOTYPES = YES;
				CLANG_WARN_SUSPICIOUS_MOVE = YES;
				CLANG_WARN_UNGUARDED_AVAILABILITY = YES_AGGRESSIVE;
				CLANG_WARN_UNREACHABLE_CODE = YES;
				CLANG_WARN__DUPLICATE_METHOD_MATCH = YES;
				COPY_PHASE_STRIP = NO;
				DEBUG_INFORMATION_FORMAT = "dwarf-with-dsym";
				ENABLE_NS_ASSERTIONS = NO;
				ENABLE_STRICT_OBJC_MSGSEND = YES;
				ENABLE_USER_SCRIPT_SANDBOXING = YES;
				GCC_C_LANGUAGE_STANDARD = gnu17;
				GCC_NO_COMMON_BLOCKS = YES;
				GCC_WARN_64_TO_32_BIT_CONVERSION = YES;
				GCC_WARN_ABOUT_RETURN_TYPE = YES_ERROR;
				GCC_WARN_UNDECLARED_SELECTOR = YES;
				GCC_WARN_UNINITIALIZED_AUTOS = YES_AGGRESSIVE;
				GCC_WARN_UNUSED_FUNCTION = YES;
				GCC_WARN_UNUSED_VARIABLE = YES;
				IPHONEOS_DEPLOYMENT_TARGET = 17.4;
				LOCALIZATION_PREFERS_STRING_CATALOGS = YES;
				MTL_ENABLE_DEBUG_INFO = NO;
				MTL_FAST_MATH = YES;
				SDKROOT = iphoneos;
				SWIFT_COMPILATION_MODE = wholemodule;
				VALIDATE_PRODUCT = YES;
			};
			name = Release;
		};
		C7EA11092BD74C3200E1FEA6 /* Debug */ = {
			isa = XCBuildConfiguration;
			buildSettings = {
				ASSETCATALOG_COMPILER_APPICON_NAME = AppIcon;
				ASSETCATALOG_COMPILER_GLOBAL_ACCENT_COLOR_NAME = AccentColor;
				CODE_SIGN_STYLE = Automatic;
				CURRENT_PROJECT_VERSION = 1;
				DEVELOPMENT_TEAM = Z7DU6436DS;
				GENERATE_INFOPLIST_FILE = YES;
				INFOPLIST_KEY_NSCameraUsageDescription = "";
				INFOPLIST_KEY_UIApplicationSupportsIndirectInputEvents = YES;
				INFOPLIST_KEY_UILaunchStoryboardName = LaunchScreen;
				INFOPLIST_KEY_UIMainStoryboardFile = Main;
				INFOPLIST_KEY_UIRequiredDeviceCapabilities = arkit;
				INFOPLIST_KEY_UIStatusBarHidden = YES;
				INFOPLIST_KEY_UISupportedInterfaceOrientations_iPad = "UIInterfaceOrientationPortrait UIInterfaceOrientationPortraitUpsideDown UIInterfaceOrientationLandscapeLeft UIInterfaceOrientationLandscapeRight";
				INFOPLIST_KEY_UISupportedInterfaceOrientations_iPhone = "UIInterfaceOrientationPortrait UIInterfaceOrientationLandscapeLeft UIInterfaceOrientationLandscapeRight";
				LD_RUNPATH_SEARCH_PATHS = (
					"$(inherited)",
					"@executable_path/Frameworks",
				);
				MARKETING_VERSION = 1.0;
				PRODUCT_BUNDLE_IDENTIFIER = "SeSAC.ios-authlabs-arproject";
				PRODUCT_NAME = "$(TARGET_NAME)";
				SWIFT_EMIT_LOC_STRINGS = YES;
				SWIFT_VERSION = 5.0;
				TARGETED_DEVICE_FAMILY = "1,2";
			};
			name = Debug;
		};
		C7EA110A2BD74C3200E1FEA6 /* Release */ = {
			isa = XCBuildConfiguration;
			buildSettings = {
				ASSETCATALOG_COMPILER_APPICON_NAME = AppIcon;
				ASSETCATALOG_COMPILER_GLOBAL_ACCENT_COLOR_NAME = AccentColor;
				CODE_SIGN_STYLE = Automatic;
				CURRENT_PROJECT_VERSION = 1;
				DEVELOPMENT_TEAM = Z7DU6436DS;
				GENERATE_INFOPLIST_FILE = YES;
				INFOPLIST_KEY_NSCameraUsageDescription = "";
				INFOPLIST_KEY_UIApplicationSupportsIndirectInputEvents = YES;
				INFOPLIST_KEY_UILaunchStoryboardName = LaunchScreen;
				INFOPLIST_KEY_UIMainStoryboardFile = Main;
				INFOPLIST_KEY_UIRequiredDeviceCapabilities = arkit;
				INFOPLIST_KEY_UIStatusBarHidden = YES;
				INFOPLIST_KEY_UISupportedInterfaceOrientations_iPad = "UIInterfaceOrientationPortrait UIInterfaceOrientationPortraitUpsideDown UIInterfaceOrientationLandscapeLeft UIInterfaceOrientationLandscapeRight";
				INFOPLIST_KEY_UISupportedInterfaceOrientations_iPhone = "UIInterfaceOrientationPortrait UIInterfaceOrientationLandscapeLeft UIInterfaceOrientationLandscapeRight";
				LD_RUNPATH_SEARCH_PATHS = (
					"$(inherited)",
					"@executable_path/Frameworks",
				);
				MARKETING_VERSION = 1.0;
				PRODUCT_BUNDLE_IDENTIFIER = "SeSAC.ios-authlabs-arproject";
				PRODUCT_NAME = "$(TARGET_NAME)";
				SWIFT_EMIT_LOC_STRINGS = YES;
				SWIFT_VERSION = 5.0;
				TARGETED_DEVICE_FAMILY = "1,2";
			};
			name = Release;
		};
		C7EA110C2BD74C3200E1FEA6 /* Debug */ = {
			isa = XCBuildConfiguration;
			buildSettings = {
				ALWAYS_EMBED_SWIFT_STANDARD_LIBRARIES = YES;
				BUNDLE_LOADER = "$(TEST_HOST)";
				CODE_SIGN_STYLE = Automatic;
				CURRENT_PROJECT_VERSION = 1;
				DEVELOPMENT_TEAM = Z7DU6436DS;
				GENERATE_INFOPLIST_FILE = YES;
				IPHONEOS_DEPLOYMENT_TARGET = 17.4;
				MARKETING_VERSION = 1.0;
				PRODUCT_BUNDLE_IDENTIFIER = "SeSAC.ios-authlabs-arprojectTests";
				PRODUCT_NAME = "$(TARGET_NAME)";
				SWIFT_EMIT_LOC_STRINGS = NO;
				SWIFT_VERSION = 5.0;
				TARGETED_DEVICE_FAMILY = "1,2";
				TEST_HOST = "$(BUILT_PRODUCTS_DIR)/ios-authlabs-arproject.app/$(BUNDLE_EXECUTABLE_FOLDER_PATH)/ios-authlabs-arproject";
			};
			name = Debug;
		};
		C7EA110D2BD74C3200E1FEA6 /* Release */ = {
			isa = XCBuildConfiguration;
			buildSettings = {
				ALWAYS_EMBED_SWIFT_STANDARD_LIBRARIES = YES;
				BUNDLE_LOADER = "$(TEST_HOST)";
				CODE_SIGN_STYLE = Automatic;
				CURRENT_PROJECT_VERSION = 1;
				DEVELOPMENT_TEAM = Z7DU6436DS;
				GENERATE_INFOPLIST_FILE = YES;
				IPHONEOS_DEPLOYMENT_TARGET = 17.4;
				MARKETING_VERSION = 1.0;
				PRODUCT_BUNDLE_IDENTIFIER = "SeSAC.ios-authlabs-arprojectTests";
				PRODUCT_NAME = "$(TARGET_NAME)";
				SWIFT_EMIT_LOC_STRINGS = NO;
				SWIFT_VERSION = 5.0;
				TARGETED_DEVICE_FAMILY = "1,2";
				TEST_HOST = "$(BUILT_PRODUCTS_DIR)/ios-authlabs-arproject.app/$(BUNDLE_EXECUTABLE_FOLDER_PATH)/ios-authlabs-arproject";
			};
			name = Release;
		};
		C7EA110F2BD74C3200E1FEA6 /* Debug */ = {
			isa = XCBuildConfiguration;
			buildSettings = {
				ALWAYS_EMBED_SWIFT_STANDARD_LIBRARIES = YES;
				CODE_SIGN_STYLE = Automatic;
				CURRENT_PROJECT_VERSION = 1;
				DEVELOPMENT_TEAM = Z7DU6436DS;
				GENERATE_INFOPLIST_FILE = YES;
				MARKETING_VERSION = 1.0;
				PRODUCT_BUNDLE_IDENTIFIER = "SeSAC.ios-authlabs-arprojectUITests";
				PRODUCT_NAME = "$(TARGET_NAME)";
				SWIFT_EMIT_LOC_STRINGS = NO;
				SWIFT_VERSION = 5.0;
				TARGETED_DEVICE_FAMILY = "1,2";
				TEST_TARGET_NAME = "ios-authlabs-arproject";
			};
			name = Debug;
		};
		C7EA11102BD74C3200E1FEA6 /* Release */ = {
			isa = XCBuildConfiguration;
			buildSettings = {
				ALWAYS_EMBED_SWIFT_STANDARD_LIBRARIES = YES;
				CODE_SIGN_STYLE = Automatic;
				CURRENT_PROJECT_VERSION = 1;
				DEVELOPMENT_TEAM = Z7DU6436DS;
				GENERATE_INFOPLIST_FILE = YES;
				MARKETING_VERSION = 1.0;
				PRODUCT_BUNDLE_IDENTIFIER = "SeSAC.ios-authlabs-arprojectUITests";
				PRODUCT_NAME = "$(TARGET_NAME)";
				SWIFT_EMIT_LOC_STRINGS = NO;
				SWIFT_VERSION = 5.0;
				TARGETED_DEVICE_FAMILY = "1,2";
				TEST_TARGET_NAME = "ios-authlabs-arproject";
			};
			name = Release;
		};
/* End XCBuildConfiguration section */

/* Begin XCConfigurationList section */
		C7EA10DA2BD74C3000E1FEA6 /* Build configuration list for PBXProject "ios-authlabs-arproject" */ = {
			isa = XCConfigurationList;
			buildConfigurations = (
				C7EA11062BD74C3200E1FEA6 /* Debug */,
				C7EA11072BD74C3200E1FEA6 /* Release */,
			);
			defaultConfigurationIsVisible = 0;
			defaultConfigurationName = Release;
		};
		C7EA11082BD74C3200E1FEA6 /* Build configuration list for PBXNativeTarget "ios-authlabs-arproject" */ = {
			isa = XCConfigurationList;
			buildConfigurations = (
				C7EA11092BD74C3200E1FEA6 /* Debug */,
				C7EA110A2BD74C3200E1FEA6 /* Release */,
			);
			defaultConfigurationIsVisible = 0;
			defaultConfigurationName = Release;
		};
		C7EA110B2BD74C3200E1FEA6 /* Build configuration list for PBXNativeTarget "ios-authlabs-arprojectTests" */ = {
			isa = XCConfigurationList;
			buildConfigurations = (
				C7EA110C2BD74C3200E1FEA6 /* Debug */,
				C7EA110D2BD74C3200E1FEA6 /* Release */,
			);
			defaultConfigurationIsVisible = 0;
			defaultConfigurationName = Release;
		};
		C7EA110E2BD74C3200E1FEA6 /* Build configuration list for PBXNativeTarget "ios-authlabs-arprojectUITests" */ = {
			isa = XCConfigurationList;
			buildConfigurations = (
				C7EA110F2BD74C3200E1FEA6 /* Debug */,
				C7EA11102BD74C3200E1FEA6 /* Release */,
			);
			defaultConfigurationIsVisible = 0;
			defaultConfigurationName = Release;
		};
/* End XCConfigurationList section */
	};
	rootObject = C7EA10D72BD74C3000E1FEA6 /* Project object */;
}
